
Microsoft Visual Studio Solution File, Format Version 12.00
# Visual Studio Version 17
VisualStudioVersion = 17.0.31903.59
MinimumVisualStudioVersion = 10.0.40219.1
Project("{2150E333-8FDC-42A3-9474-1A3956D46DE8}") = "Solution Items", "Solution Items", "{A1B2C3D4-E5F6-7890-ABCD-EF1234567890}"
	ProjectSection(SolutionItems) = preProject
		Directory.Packages.props = Directory.Packages.props
	EndProjectSection
EndProject
Project("{2150E333-8FDC-42A3-9474-1A3956D46DE8}") = "scripts", "scripts", "{B8E9F5D2-3A4C-4B5E-9F8A-1D2E3F4A5B6C}"
	ProjectSection(SolutionItems) = preProject
		scripts\drop-database.ps1 = scripts\drop-database.ps1
		scripts\README.md = scripts\README.md
	EndProjectSection
EndProject
Project("{2150E333-8FDC-42A3-9474-1A3956D46DE8}") = "src", "src", "{827E0CD3-B72D-47B6-A68D-7590B98EB39B}"
EndProject
Project("{2150E333-8FDC-42A3-9474-1A3956D46DE8}") = "Host", "Host", "{981C2CF6-E5BB-602A-511C-234B538302B0}"
EndProject
Project("{FAE04EC0-301F-11D3-BF4B-00C04F79EFBC}") = "Snippet.Web", "src\Host\Snippet.Web\Snippet.Web.csproj", "{CB8617FA-7C91-445D-A57B-6CD566445059}"
EndProject
Project("{2150E333-8FDC-42A3-9474-1A3956D46DE8}") = "Modules", "Modules", "{EC447DCF-ABFA-6E24-52A5-D7FD48A5C558}"
EndProject
Project("{2150E333-8FDC-42A3-9474-1A3956D46DE8}") = "Snippets", "Snippets", "{69E2DA65-565B-542B-CA9F-75BF92096F68}"
EndProject
Project("{FAE04EC0-301F-11D3-BF4B-00C04F79EFBC}") = "Snippet.Modules.Snippets.Domain", "src\Modules\Snippets\Snippet.Modules.Snippets.Domain\Snippet.Modules.Snippets.Domain.csproj", "{76429F7E-34F1-40AE-BD87-EEEC17DB50E7}"
EndProject
Project("{FAE04EC0-301F-11D3-BF4B-00C04F79EFBC}") = "Snippet.Modules.Snippets.Application", "src\Modules\Snippets\Snippet.Modules.Snippets.Application\Snippet.Modules.Snippets.Application.csproj", "{0D487351-F1F0-4E83-B7A0-8F9A90048645}"
EndProject
Project("{FAE04EC0-301F-11D3-BF4B-00C04F79EFBC}") = "Snippet.Modules.Snippets.Infrastructure", "src\Modules\Snippets\Snippet.Modules.Snippets.Infrastructure\Snippet.Modules.Snippets.Infrastructure.csproj", "{866D532E-5C43-4890-9E6F-ACF1F654622B}"
EndProject
Project("{2150E333-8FDC-42A3-9474-1A3956D46DE8}") = "tests", "tests", "{0AB3BF05-4346-4AA6-1389-037BE0695223}"
EndProject
Project("{FAE04EC0-301F-11D3-BF4B-00C04F79EFBC}") = "Snippet.Tests.EndToEnd", "tests\Snippet.Tests.EndToEnd\Snippet.Tests.EndToEnd.csproj", "{EA29C7E5-EDA7-46A1-AB7C-1B64306BDC5E}"
EndProject
Project("{2150E333-8FDC-42A3-9474-1A3956D46DE8}") = "Shared", "Shared", "{C8E42992-5E42-0C2B-DBFE-AA848D06431C}"
EndProject
Project("{FAE04EC0-301F-11D3-BF4B-00C04F79EFBC}") = "Snippet.Shared", "src\Shared\Snippet.Shared\Snippet.Shared.csproj", "{BFD6819F-DB31-4DF1-BB29-7BB1A51CD84F}"
EndProject
Global
	GlobalSection(SolutionConfigurationPlatforms) = preSolution
		Debug|Any CPU = Debug|Any CPU
		Debug|x64 = Debug|x64
		Debug|x86 = Debug|x86
		Release|Any CPU = Release|Any CPU
		Release|x64 = Release|x64
		Release|x86 = Release|x86
	EndGlobalSection
	GlobalSection(ProjectConfigurationPlatforms) = postSolution
		{CB8617FA-7C91-445D-A57B-6CD566445059}.Debug|Any CPU.ActiveCfg = Debug|Any CPU
		{CB8617FA-7C91-445D-A57B-6CD566445059}.Debug|Any CPU.Build.0 = Debug|Any CPU
		{CB8617FA-7C91-445D-A57B-6CD566445059}.Debug|x64.ActiveCfg = Debug|Any CPU
		{CB8617FA-7C91-445D-A57B-6CD566445059}.Debug|x64.Build.0 = Debug|Any CPU
		{CB8617FA-7C91-445D-A57B-6CD566445059}.Debug|x86.ActiveCfg = Debug|Any CPU
		{CB8617FA-7C91-445D-A57B-6CD566445059}.Debug|x86.Build.0 = Debug|Any CPU
		{CB8617FA-7C91-445D-A57B-6CD566445059}.Release|Any CPU.ActiveCfg = Release|Any CPU
		{CB8617FA-7C91-445D-A57B-6CD566445059}.Release|Any CPU.Build.0 = Release|Any CPU
		{CB8617FA-7C91-445D-A57B-6CD566445059}.Release|x64.ActiveCfg = Release|Any CPU
		{CB8617FA-7C91-445D-A57B-6CD566445059}.Release|x64.Build.0 = Release|Any CPU
		{CB8617FA-7C91-445D-A57B-6CD566445059}.Release|x86.ActiveCfg = Release|Any CPU
		{CB8617FA-7C91-445D-A57B-6CD566445059}.Release|x86.Build.0 = Release|Any CPU
		{76429F7E-34F1-40AE-BD87-EEEC17DB50E7}.Debug|Any CPU.ActiveCfg = Debug|Any CPU
		{76429F7E-34F1-40AE-BD87-EEEC17DB50E7}.Debug|Any CPU.Build.0 = Debug|Any CPU
		{76429F7E-34F1-40AE-BD87-EEEC17DB50E7}.Debug|x64.ActiveCfg = Debug|Any CPU
		{76429F7E-34F1-40AE-BD87-EEEC17DB50E7}.Debug|x64.Build.0 = Debug|Any CPU
		{76429F7E-34F1-40AE-BD87-EEEC17DB50E7}.Debug|x86.ActiveCfg = Debug|Any CPU
		{76429F7E-34F1-40AE-BD87-EEEC17DB50E7}.Debug|x86.Build.0 = Debug|Any CPU
		{76429F7E-34F1-40AE-BD87-EEEC17DB50E7}.Release|Any CPU.ActiveCfg = Release|Any CPU
		{76429F7E-34F1-40AE-BD87-EEEC17DB50E7}.Release|Any CPU.Build.0 = Release|Any CPU
		{76429F7E-34F1-40AE-BD87-EEEC17DB50E7}.Release|x64.ActiveCfg = Release|Any CPU
		{76429F7E-34F1-40AE-BD87-EEEC17DB50E7}.Release|x64.Build.0 = Release|Any CPU
		{76429F7E-34F1-40AE-BD87-EEEC17DB50E7}.Release|x86.ActiveCfg = Release|Any CPU
		{76429F7E-34F1-40AE-BD87-EEEC17DB50E7}.Release|x86.Build.0 = Release|Any CPU
		{0D487351-F1F0-4E83-B7A0-8F9A90048645}.Debug|Any CPU.ActiveCfg = Debug|Any CPU
		{0D487351-F1F0-4E83-B7A0-8F9A90048645}.Debug|Any CPU.Build.0 = Debug|Any CPU
		{0D487351-F1F0-4E83-B7A0-8F9A90048645}.Debug|x64.ActiveCfg = Debug|Any CPU
		{0D487351-F1F0-4E83-B7A0-8F9A90048645}.Debug|x64.Build.0 = Debug|Any CPU
		{0D487351-F1F0-4E83-B7A0-8F9A90048645}.Debug|x86.ActiveCfg = Debug|Any CPU
		{0D487351-F1F0-4E83-B7A0-8F9A90048645}.Debug|x86.Build.0 = Debug|Any CPU
		{0D487351-F1F0-4E83-B7A0-8F9A90048645}.Release|Any CPU.ActiveCfg = Release|Any CPU
		{0D487351-F1F0-4E83-B7A0-8F9A90048645}.Release|Any CPU.Build.0 = Release|Any CPU
		{0D487351-F1F0-4E83-B7A0-8F9A90048645}.Release|x64.ActiveCfg = Release|Any CPU
		{0D487351-F1F0-4E83-B7A0-8F9A90048645}.Release|x64.Build.0 = Release|Any CPU
		{0D487351-F1F0-4E83-B7A0-8F9A90048645}.Release|x86.ActiveCfg = Release|Any CPU
		{0D487351-F1F0-4E83-B7A0-8F9A90048645}.Release|x86.Build.0 = Release|Any CPU
		{866D532E-5C43-4890-9E6F-ACF1F654622B}.Debug|Any CPU.ActiveCfg = Debug|Any CPU
		{866D532E-5C43-4890-9E6F-ACF1F654622B}.Debug|Any CPU.Build.0 = Debug|Any CPU
		{866D532E-5C43-4890-9E6F-ACF1F654622B}.Debug|x64.ActiveCfg = Debug|Any CPU
		{866D532E-5C43-4890-9E6F-ACF1F654622B}.Debug|x64.Build.0 = Debug|Any CPU
		{866D532E-5C43-4890-9E6F-ACF1F654622B}.Debug|x86.ActiveCfg = Debug|Any CPU
		{866D532E-5C43-4890-9E6F-ACF1F654622B}.Debug|x86.Build.0 = Debug|Any CPU
		{866D532E-5C43-4890-9E6F-ACF1F654622B}.Release|Any CPU.ActiveCfg = Release|Any CPU
		{866D532E-5C43-4890-9E6F-ACF1F654622B}.Release|Any CPU.Build.0 = Release|Any CPU
		{866D532E-5C43-4890-9E6F-ACF1F654622B}.Release|x64.ActiveCfg = Release|Any CPU
		{866D532E-5C43-4890-9E6F-ACF1F654622B}.Release|x64.Build.0 = Release|Any CPU
		{866D532E-5C43-4890-9E6F-ACF1F654622B}.Release|x86.ActiveCfg = Release|Any CPU
		{866D532E-5C43-4890-9E6F-ACF1F654622B}.Release|x86.Build.0 = Release|Any CPU
		{EA29C7E5-EDA7-46A1-AB7C-1B64306BDC5E}.Debug|Any CPU.ActiveCfg = Debug|Any CPU
		{EA29C7E5-EDA7-46A1-AB7C-1B64306BDC5E}.Debug|Any CPU.Build.0 = Debug|Any CPU
		{EA29C7E5-EDA7-46A1-AB7C-1B64306BDC5E}.Debug|x64.ActiveCfg = Debug|Any CPU
		{EA29C7E5-EDA7-46A1-AB7C-1B64306BDC5E}.Debug|x64.Build.0 = Debug|Any CPU
		{EA29C7E5-EDA7-46A1-AB7C-1B64306BDC5E}.Debug|x86.ActiveCfg = Debug|Any CPU
		{EA29C7E5-EDA7-46A1-AB7C-1B64306BDC5E}.Debug|x86.Build.0 = Debug|Any CPU
		{EA29C7E5-EDA7-46A1-AB7C-1B64306BDC5E}.Release|Any CPU.ActiveCfg = Release|Any CPU
		{EA29C7E5-EDA7-46A1-AB7C-1B64306BDC5E}.Release|Any CPU.Build.0 = Release|Any CPU
		{EA29C7E5-EDA7-46A1-AB7C-1B64306BDC5E}.Release|x64.ActiveCfg = Release|Any CPU
		{EA29C7E5-EDA7-46A1-AB7C-1B64306BDC5E}.Release|x64.Build.0 = Release|Any CPU
		{EA29C7E5-EDA7-46A1-AB7C-1B64306BDC5E}.Release|x86.ActiveCfg = Release|Any CPU
		{EA29C7E5-EDA7-46A1-AB7C-1B64306BDC5E}.Release|x86.Build.0 = Release|Any CPU
		{BFD6819F-DB31-4DF1-BB29-7BB1A51CD84F}.Debug|Any CPU.ActiveCfg = Debug|Any CPU
		{BFD6819F-DB31-4DF1-BB29-7BB1A51CD84F}.Debug|Any CPU.Build.0 = Debug|Any CPU
		{BFD6819F-DB31-4DF1-BB29-7BB1A51CD84F}.Debug|x64.ActiveCfg = Debug|Any CPU
		{BFD6819F-DB31-4DF1-BB29-7BB1A51CD84F}.Debug|x64.Build.0 = Debug|Any CPU
		{BFD6819F-DB31-4DF1-BB29-7BB1A51CD84F}.Debug|x86.ActiveCfg = Debug|Any CPU
		{BFD6819F-DB31-4DF1-BB29-7BB1A51CD84F}.Debug|x86.Build.0 = Debug|Any CPU
		{BFD6819F-DB31-4DF1-BB29-7BB1A51CD84F}.Release|Any CPU.ActiveCfg = Release|Any CPU
		{BFD6819F-DB31-4DF1-BB29-7BB1A51CD84F}.Release|Any CPU.Build.0 = Release|Any CPU
		{BFD6819F-DB31-4DF1-BB29-7BB1A51CD84F}.Release|x64.ActiveCfg = Release|Any CPU
		{BFD6819F-DB31-4DF1-BB29-7BB1A51CD84F}.Release|x64.Build.0 = Release|Any CPU
		{BFD6819F-DB31-4DF1-BB29-7BB1A51CD84F}.Release|x86.ActiveCfg = Release|Any CPU
		{BFD6819F-DB31-4DF1-BB29-7BB1A51CD84F}.Release|x86.Build.0 = Release|Any CPU
	EndGlobalSection
	GlobalSection(SolutionProperties) = preSolution
		HideSolutionNode = FALSE
	EndGlobalSection
	GlobalSection(NestedProjects) = preSolution
		{981C2CF6-E5BB-602A-511C-234B538302B0} = {827E0CD3-B72D-47B6-A68D-7590B98EB39B}
		{CB8617FA-7C91-445D-A57B-6CD566445059} = {981C2CF6-E5BB-602A-511C-234B538302B0}
		{EC447DCF-ABFA-6E24-52A5-D7FD48A5C558} = {827E0CD3-B72D-47B6-A68D-7590B98EB39B}
		{69E2DA65-565B-542B-CA9F-75BF92096F68} = {EC447DCF-ABFA-6E24-52A5-D7FD48A5C558}
		{76429F7E-34F1-40AE-BD87-EEEC17DB50E7} = {69E2DA65-565B-542B-CA9F-75BF92096F68}
		{0D487351-F1F0-4E83-B7A0-8F9A90048645} = {69E2DA65-565B-542B-CA9F-75BF92096F68}
		{866D532E-5C43-4890-9E6F-ACF1F654622B} = {69E2DA65-565B-542B-CA9F-75BF92096F68}
		{EA29C7E5-EDA7-46A1-AB7C-1B64306BDC5E} = {0AB3BF05-4346-4AA6-1389-037BE0695223}
		{C8E42992-5E42-0C2B-DBFE-AA848D06431C} = {827E0CD3-B72D-47B6-A68D-7590B98EB39B}
		{BFD6819F-DB31-4DF1-BB29-7BB1A51CD84F} = {C8E42992-5E42-0C2B-DBFE-AA848D06431C}
	EndGlobalSection
EndGlobal
