
Microsoft Visual Studio Solution File, Format Version 12.00
# Visual Studio Version 17
VisualStudioVersion = 17.0.31903.59
MinimumVisualStudioVersion = 10.0.40219.1
Project("{2150E333-8FDC-42A3-9474-1A3956D46DE8}") = "Solution Items", "Solution Items", "{A1B2C3D4-E5F6-7890-ABCD-EF1234567890}"
	ProjectSection(SolutionItems) = preProject
		.gitmodules = .gitmodules
		Directory.Packages.props = Directory.Packages.props
	EndProjectSection
EndProject
Project("{2150E333-8FDC-42A3-9474-1A3956D46DE8}") = "src", "src", "{827E0CD3-B72D-47B6-A68D-7590B98EB39B}"
EndProject
Project("{2150E333-8FDC-42A3-9474-1A3956D46DE8}") = "Host", "Host", "{981C2CF6-E5BB-602A-511C-234B538302B0}"
EndProject
Project("{FAE04EC0-301F-11D3-BF4B-00C04F79EFBC}") = "Snippet.Web", "src\Host\Snippet.Web\Snippet.Web.csproj", "{CB8617FA-7C91-445D-A57B-6CD566445059}"
EndProject
Project("{2150E333-8FDC-42A3-9474-1A3956D46DE8}") = "Modules", "Modules", "{EC447DCF-ABFA-6E24-52A5-D7FD48A5C558}"
EndProject
Project("{2150E333-8FDC-42A3-9474-1A3956D46DE8}") = "Snippets", "Snippets", "{69E2DA65-565B-542B-CA9F-75BF92096F68}"
EndProject
Project("{FAE04EC0-301F-11D3-BF4B-00C04F79EFBC}") = "Snippet.Modules.Snippets.Domain", "src\Modules\Snippets\Snippet.Modules.Snippets.Domain\Snippet.Modules.Snippets.Domain.csproj", "{76429F7E-34F1-40AE-BD87-EEEC17DB50E7}"
EndProject
Project("{FAE04EC0-301F-11D3-BF4B-00C04F79EFBC}") = "Snippet.Modules.Snippets.Application", "src\Modules\Snippets\Snippet.Modules.Snippets.Application\Snippet.Modules.Snippets.Application.csproj", "{0D487351-F1F0-4E83-B7A0-8F9A90048645}"
EndProject
Project("{FAE04EC0-301F-11D3-BF4B-00C04F79EFBC}") = "Snippet.Modules.Snippets.Infrastructure", "src\Modules\Snippets\Snippet.Modules.Snippets.Infrastructure\Snippet.Modules.Snippets.Infrastructure.csproj", "{866D532E-5C43-4890-9E6F-ACF1F654622B}"
EndProject
Project("{2150E333-8FDC-42A3-9474-1A3956D46DE8}") = "libs", "libs", "{6C4D298B-81FB-2B6B-5AB6-46205EDDC72C}"
EndProject
Project("{2150E333-8FDC-42A3-9474-1A3956D46DE8}") = "BuildingBlocks", "BuildingBlocks", "{C1C515BA-7A4E-2469-6688-6EC77CD84C5C}"
EndProject
Project("{2150E333-8FDC-42A3-9474-1A3956D46DE8}") = "src", "src", "{98C39F20-EB26-4170-CBBA-59FF23A7D7AC}"
EndProject
Project("{FAE04EC0-301F-11D3-BF4B-00C04F79EFBC}") = "BuildingBlocks.Domain", "libs\BuildingBlocks\src\BuildingBlocks.Domain\BuildingBlocks.Domain.csproj", "{4E47F2BA-5508-4A41-9749-F04EDD42FBAD}"
EndProject
Project("{FAE04EC0-301F-11D3-BF4B-00C04F79EFBC}") = "BuildingBlocks.Application", "libs\BuildingBlocks\src\BuildingBlocks.Application\BuildingBlocks.Application.csproj", "{E6B5E8FA-1D7E-429E-8189-234DD8F0E654}"
EndProject
Project("{FAE04EC0-301F-11D3-BF4B-00C04F79EFBC}") = "BuildingBlocks.Infrastructure", "libs\BuildingBlocks\src\BuildingBlocks.Infrastructure\BuildingBlocks.Infrastructure.csproj", "{795175D1-BA3B-4332-8341-59D6C2F824D7}"
EndProject
Project("{FAE04EC0-301F-11D3-BF4B-00C04F79EFBC}") = "BuildingBlocks.Extensions", "libs\BuildingBlocks\src\BuildingBlocks.Extensions\BuildingBlocks.Extensions.csproj", "{57801A4E-B37D-4EAD-BF06-CCA0709B3A4B}"
EndProject
Project("{2150E333-8FDC-42A3-9474-1A3956D46DE8}") = "BuildingBlocks.Modules", "BuildingBlocks.Modules", "{A82DBF91-0D94-DE80-B84D-39FB5E9C624A}"
EndProject
Project("{2150E333-8FDC-42A3-9474-1A3956D46DE8}") = "Users", "Users", "{529C4985-7644-A6F3-7DA9-438031980987}"
EndProject
Project("{FAE04EC0-301F-11D3-BF4B-00C04F79EFBC}") = "BuildingBlocks.Modules.Users.Domain", "libs\BuildingBlocks\src\BuildingBlocks.Modules\Users\BuildingBlocks.Modules.Users.Domain\BuildingBlocks.Modules.Users.Domain.csproj", "{5A96C6C3-FFF9-4ABE-A754-496EDCBD21D3}"
EndProject
Project("{FAE04EC0-301F-11D3-BF4B-00C04F79EFBC}") = "BuildingBlocks.Modules.Users.Application", "libs\BuildingBlocks\src\BuildingBlocks.Modules\Users\BuildingBlocks.Modules.Users.Application\BuildingBlocks.Modules.Users.Application.csproj", "{240CDDF4-8310-4A02-A189-33057E49C266}"
EndProject
Project("{FAE04EC0-301F-11D3-BF4B-00C04F79EFBC}") = "BuildingBlocks.Modules.Users.Infrastructure", "libs\BuildingBlocks\src\BuildingBlocks.Modules\Users\BuildingBlocks.Modules.Users.Infrastructure\BuildingBlocks.Modules.Users.Infrastructure.csproj", "{5B60994A-F482-49F6-BBA0-E1FEE791CF33}"
EndProject
Project("{FAE04EC0-301F-11D3-BF4B-00C04F79EFBC}") = "BuildingBlocks.Modules.Users.Web", "libs\BuildingBlocks\src\BuildingBlocks.Modules\Users\BuildingBlocks.Modules.Users.Web\BuildingBlocks.Modules.Users.Web.csproj", "{9E7CB7FD-FF22-4931-ACF6-C6CA34C06A7B}"
EndProject
Project("{2150E333-8FDC-42A3-9474-1A3956D46DE8}") = "tests", "tests", "{0AB3BF05-4346-4AA6-1389-037BE0695223}"
EndProject
Project("{FAE04EC0-301F-11D3-BF4B-00C04F79EFBC}") = "Snippet.Tests.EndToEnd", "tests\Snippet.Tests.EndToEnd\Snippet.Tests.EndToEnd.csproj", "{EA29C7E5-EDA7-46A1-AB7C-1B64306BDC5E}"
EndProject
Global
	GlobalSection(SolutionConfigurationPlatforms) = preSolution
		Debug|Any CPU = Debug|Any CPU
		Debug|x64 = Debug|x64
		Debug|x86 = Debug|x86
		Release|Any CPU = Release|Any CPU
		Release|x64 = Release|x64
		Release|x86 = Release|x86
	EndGlobalSection
	GlobalSection(ProjectConfigurationPlatforms) = postSolution
		{CB8617FA-7C91-445D-A57B-6CD566445059}.Debug|Any CPU.ActiveCfg = Debug|Any CPU
		{CB8617FA-7C91-445D-A57B-6CD566445059}.Debug|Any CPU.Build.0 = Debug|Any CPU
		{CB8617FA-7C91-445D-A57B-6CD566445059}.Debug|x64.ActiveCfg = Debug|Any CPU
		{CB8617FA-7C91-445D-A57B-6CD566445059}.Debug|x64.Build.0 = Debug|Any CPU
		{CB8617FA-7C91-445D-A57B-6CD566445059}.Debug|x86.ActiveCfg = Debug|Any CPU
		{CB8617FA-7C91-445D-A57B-6CD566445059}.Debug|x86.Build.0 = Debug|Any CPU
		{CB8617FA-7C91-445D-A57B-6CD566445059}.Release|Any CPU.ActiveCfg = Release|Any CPU
		{CB8617FA-7C91-445D-A57B-6CD566445059}.Release|Any CPU.Build.0 = Release|Any CPU
		{CB8617FA-7C91-445D-A57B-6CD566445059}.Release|x64.ActiveCfg = Release|Any CPU
		{CB8617FA-7C91-445D-A57B-6CD566445059}.Release|x64.Build.0 = Release|Any CPU
		{CB8617FA-7C91-445D-A57B-6CD566445059}.Release|x86.ActiveCfg = Release|Any CPU
		{CB8617FA-7C91-445D-A57B-6CD566445059}.Release|x86.Build.0 = Release|Any CPU
		{76429F7E-34F1-40AE-BD87-EEEC17DB50E7}.Debug|Any CPU.ActiveCfg = Debug|Any CPU
		{76429F7E-34F1-40AE-BD87-EEEC17DB50E7}.Debug|Any CPU.Build.0 = Debug|Any CPU
		{76429F7E-34F1-40AE-BD87-EEEC17DB50E7}.Debug|x64.ActiveCfg = Debug|Any CPU
		{76429F7E-34F1-40AE-BD87-EEEC17DB50E7}.Debug|x64.Build.0 = Debug|Any CPU
		{76429F7E-34F1-40AE-BD87-EEEC17DB50E7}.Debug|x86.ActiveCfg = Debug|Any CPU
		{76429F7E-34F1-40AE-BD87-EEEC17DB50E7}.Debug|x86.Build.0 = Debug|Any CPU
		{76429F7E-34F1-40AE-BD87-EEEC17DB50E7}.Release|Any CPU.ActiveCfg = Release|Any CPU
		{76429F7E-34F1-40AE-BD87-EEEC17DB50E7}.Release|Any CPU.Build.0 = Release|Any CPU
		{76429F7E-34F1-40AE-BD87-EEEC17DB50E7}.Release|x64.ActiveCfg = Release|Any CPU
		{76429F7E-34F1-40AE-BD87-EEEC17DB50E7}.Release|x64.Build.0 = Release|Any CPU
		{76429F7E-34F1-40AE-BD87-EEEC17DB50E7}.Release|x86.ActiveCfg = Release|Any CPU
		{76429F7E-34F1-40AE-BD87-EEEC17DB50E7}.Release|x86.Build.0 = Release|Any CPU
		{0D487351-F1F0-4E83-B7A0-8F9A90048645}.Debug|Any CPU.ActiveCfg = Debug|Any CPU
		{0D487351-F1F0-4E83-B7A0-8F9A90048645}.Debug|Any CPU.Build.0 = Debug|Any CPU
		{0D487351-F1F0-4E83-B7A0-8F9A90048645}.Debug|x64.ActiveCfg = Debug|Any CPU
		{0D487351-F1F0-4E83-B7A0-8F9A90048645}.Debug|x64.Build.0 = Debug|Any CPU
		{0D487351-F1F0-4E83-B7A0-8F9A90048645}.Debug|x86.ActiveCfg = Debug|Any CPU
		{0D487351-F1F0-4E83-B7A0-8F9A90048645}.Debug|x86.Build.0 = Debug|Any CPU
		{0D487351-F1F0-4E83-B7A0-8F9A90048645}.Release|Any CPU.ActiveCfg = Release|Any CPU
		{0D487351-F1F0-4E83-B7A0-8F9A90048645}.Release|Any CPU.Build.0 = Release|Any CPU
		{0D487351-F1F0-4E83-B7A0-8F9A90048645}.Release|x64.ActiveCfg = Release|Any CPU
		{0D487351-F1F0-4E83-B7A0-8F9A90048645}.Release|x64.Build.0 = Release|Any CPU
		{0D487351-F1F0-4E83-B7A0-8F9A90048645}.Release|x86.ActiveCfg = Release|Any CPU
		{0D487351-F1F0-4E83-B7A0-8F9A90048645}.Release|x86.Build.0 = Release|Any CPU
		{866D532E-5C43-4890-9E6F-ACF1F654622B}.Debug|Any CPU.ActiveCfg = Debug|Any CPU
		{866D532E-5C43-4890-9E6F-ACF1F654622B}.Debug|Any CPU.Build.0 = Debug|Any CPU
		{866D532E-5C43-4890-9E6F-ACF1F654622B}.Debug|x64.ActiveCfg = Debug|Any CPU
		{866D532E-5C43-4890-9E6F-ACF1F654622B}.Debug|x64.Build.0 = Debug|Any CPU
		{866D532E-5C43-4890-9E6F-ACF1F654622B}.Debug|x86.ActiveCfg = Debug|Any CPU
		{866D532E-5C43-4890-9E6F-ACF1F654622B}.Debug|x86.Build.0 = Debug|Any CPU
		{866D532E-5C43-4890-9E6F-ACF1F654622B}.Release|Any CPU.ActiveCfg = Release|Any CPU
		{866D532E-5C43-4890-9E6F-ACF1F654622B}.Release|Any CPU.Build.0 = Release|Any CPU
		{866D532E-5C43-4890-9E6F-ACF1F654622B}.Release|x64.ActiveCfg = Release|Any CPU
		{866D532E-5C43-4890-9E6F-ACF1F654622B}.Release|x64.Build.0 = Release|Any CPU
		{866D532E-5C43-4890-9E6F-ACF1F654622B}.Release|x86.ActiveCfg = Release|Any CPU
		{866D532E-5C43-4890-9E6F-ACF1F654622B}.Release|x86.Build.0 = Release|Any CPU
		{4E47F2BA-5508-4A41-9749-F04EDD42FBAD}.Debug|Any CPU.ActiveCfg = Debug|Any CPU
		{4E47F2BA-5508-4A41-9749-F04EDD42FBAD}.Debug|Any CPU.Build.0 = Debug|Any CPU
		{4E47F2BA-5508-4A41-9749-F04EDD42FBAD}.Debug|x64.ActiveCfg = Debug|Any CPU
		{4E47F2BA-5508-4A41-9749-F04EDD42FBAD}.Debug|x64.Build.0 = Debug|Any CPU
		{4E47F2BA-5508-4A41-9749-F04EDD42FBAD}.Debug|x86.ActiveCfg = Debug|Any CPU
		{4E47F2BA-5508-4A41-9749-F04EDD42FBAD}.Debug|x86.Build.0 = Debug|Any CPU
		{4E47F2BA-5508-4A41-9749-F04EDD42FBAD}.Release|Any CPU.ActiveCfg = Release|Any CPU
		{4E47F2BA-5508-4A41-9749-F04EDD42FBAD}.Release|Any CPU.Build.0 = Release|Any CPU
		{4E47F2BA-5508-4A41-9749-F04EDD42FBAD}.Release|x64.ActiveCfg = Release|Any CPU
		{4E47F2BA-5508-4A41-9749-F04EDD42FBAD}.Release|x64.Build.0 = Release|Any CPU
		{4E47F2BA-5508-4A41-9749-F04EDD42FBAD}.Release|x86.ActiveCfg = Release|Any CPU
		{4E47F2BA-5508-4A41-9749-F04EDD42FBAD}.Release|x86.Build.0 = Release|Any CPU
		{E6B5E8FA-1D7E-429E-8189-234DD8F0E654}.Debug|Any CPU.ActiveCfg = Debug|Any CPU
		{E6B5E8FA-1D7E-429E-8189-234DD8F0E654}.Debug|Any CPU.Build.0 = Debug|Any CPU
		{E6B5E8FA-1D7E-429E-8189-234DD8F0E654}.Debug|x64.ActiveCfg = Debug|Any CPU
		{E6B5E8FA-1D7E-429E-8189-234DD8F0E654}.Debug|x64.Build.0 = Debug|Any CPU
		{E6B5E8FA-1D7E-429E-8189-234DD8F0E654}.Debug|x86.ActiveCfg = Debug|Any CPU
		{E6B5E8FA-1D7E-429E-8189-234DD8F0E654}.Debug|x86.Build.0 = Debug|Any CPU
		{E6B5E8FA-1D7E-429E-8189-234DD8F0E654}.Release|Any CPU.ActiveCfg = Release|Any CPU
		{E6B5E8FA-1D7E-429E-8189-234DD8F0E654}.Release|Any CPU.Build.0 = Release|Any CPU
		{E6B5E8FA-1D7E-429E-8189-234DD8F0E654}.Release|x64.ActiveCfg = Release|Any CPU
		{E6B5E8FA-1D7E-429E-8189-234DD8F0E654}.Release|x64.Build.0 = Release|Any CPU
		{E6B5E8FA-1D7E-429E-8189-234DD8F0E654}.Release|x86.ActiveCfg = Release|Any CPU
		{E6B5E8FA-1D7E-429E-8189-234DD8F0E654}.Release|x86.Build.0 = Release|Any CPU
		{795175D1-BA3B-4332-8341-59D6C2F824D7}.Debug|Any CPU.ActiveCfg = Debug|Any CPU
		{795175D1-BA3B-4332-8341-59D6C2F824D7}.Debug|Any CPU.Build.0 = Debug|Any CPU
		{795175D1-BA3B-4332-8341-59D6C2F824D7}.Debug|x64.ActiveCfg = Debug|Any CPU
		{795175D1-BA3B-4332-8341-59D6C2F824D7}.Debug|x64.Build.0 = Debug|Any CPU
		{795175D1-BA3B-4332-8341-59D6C2F824D7}.Debug|x86.ActiveCfg = Debug|Any CPU
		{795175D1-BA3B-4332-8341-59D6C2F824D7}.Debug|x86.Build.0 = Debug|Any CPU
		{795175D1-BA3B-4332-8341-59D6C2F824D7}.Release|Any CPU.ActiveCfg = Release|Any CPU
		{795175D1-BA3B-4332-8341-59D6C2F824D7}.Release|Any CPU.Build.0 = Release|Any CPU
		{795175D1-BA3B-4332-8341-59D6C2F824D7}.Release|x64.ActiveCfg = Release|Any CPU
		{795175D1-BA3B-4332-8341-59D6C2F824D7}.Release|x64.Build.0 = Release|Any CPU
		{795175D1-BA3B-4332-8341-59D6C2F824D7}.Release|x86.ActiveCfg = Release|Any CPU
		{795175D1-BA3B-4332-8341-59D6C2F824D7}.Release|x86.Build.0 = Release|Any CPU
		{57801A4E-B37D-4EAD-BF06-CCA0709B3A4B}.Debug|Any CPU.ActiveCfg = Debug|Any CPU
		{57801A4E-B37D-4EAD-BF06-CCA0709B3A4B}.Debug|Any CPU.Build.0 = Debug|Any CPU
		{57801A4E-B37D-4EAD-BF06-CCA0709B3A4B}.Debug|x64.ActiveCfg = Debug|Any CPU
		{57801A4E-B37D-4EAD-BF06-CCA0709B3A4B}.Debug|x64.Build.0 = Debug|Any CPU
		{57801A4E-B37D-4EAD-BF06-CCA0709B3A4B}.Debug|x86.ActiveCfg = Debug|Any CPU
		{57801A4E-B37D-4EAD-BF06-CCA0709B3A4B}.Debug|x86.Build.0 = Debug|Any CPU
		{57801A4E-B37D-4EAD-BF06-CCA0709B3A4B}.Release|Any CPU.ActiveCfg = Release|Any CPU
		{57801A4E-B37D-4EAD-BF06-CCA0709B3A4B}.Release|Any CPU.Build.0 = Release|Any CPU
		{57801A4E-B37D-4EAD-BF06-CCA0709B3A4B}.Release|x64.ActiveCfg = Release|Any CPU
		{57801A4E-B37D-4EAD-BF06-CCA0709B3A4B}.Release|x64.Build.0 = Release|Any CPU
		{57801A4E-B37D-4EAD-BF06-CCA0709B3A4B}.Release|x86.ActiveCfg = Release|Any CPU
		{57801A4E-B37D-4EAD-BF06-CCA0709B3A4B}.Release|x86.Build.0 = Release|Any CPU
		{5A96C6C3-FFF9-4ABE-A754-496EDCBD21D3}.Debug|Any CPU.ActiveCfg = Debug|Any CPU
		{5A96C6C3-FFF9-4ABE-A754-496EDCBD21D3}.Debug|Any CPU.Build.0 = Debug|Any CPU
		{5A96C6C3-FFF9-4ABE-A754-496EDCBD21D3}.Debug|x64.ActiveCfg = Debug|Any CPU
		{5A96C6C3-FFF9-4ABE-A754-496EDCBD21D3}.Debug|x64.Build.0 = Debug|Any CPU
		{5A96C6C3-FFF9-4ABE-A754-496EDCBD21D3}.Debug|x86.ActiveCfg = Debug|Any CPU
		{5A96C6C3-FFF9-4ABE-A754-496EDCBD21D3}.Debug|x86.Build.0 = Debug|Any CPU
		{5A96C6C3-FFF9-4ABE-A754-496EDCBD21D3}.Release|Any CPU.ActiveCfg = Release|Any CPU
		{5A96C6C3-FFF9-4ABE-A754-496EDCBD21D3}.Release|Any CPU.Build.0 = Release|Any CPU
		{5A96C6C3-FFF9-4ABE-A754-496EDCBD21D3}.Release|x64.ActiveCfg = Release|Any CPU
		{5A96C6C3-FFF9-4ABE-A754-496EDCBD21D3}.Release|x64.Build.0 = Release|Any CPU
		{5A96C6C3-FFF9-4ABE-A754-496EDCBD21D3}.Release|x86.ActiveCfg = Release|Any CPU
		{5A96C6C3-FFF9-4ABE-A754-496EDCBD21D3}.Release|x86.Build.0 = Release|Any CPU
		{240CDDF4-8310-4A02-A189-33057E49C266}.Debug|Any CPU.ActiveCfg = Debug|Any CPU
		{240CDDF4-8310-4A02-A189-33057E49C266}.Debug|Any CPU.Build.0 = Debug|Any CPU
		{240CDDF4-8310-4A02-A189-33057E49C266}.Debug|x64.ActiveCfg = Debug|Any CPU
		{240CDDF4-8310-4A02-A189-33057E49C266}.Debug|x64.Build.0 = Debug|Any CPU
		{240CDDF4-8310-4A02-A189-33057E49C266}.Debug|x86.ActiveCfg = Debug|Any CPU
		{240CDDF4-8310-4A02-A189-33057E49C266}.Debug|x86.Build.0 = Debug|Any CPU
		{240CDDF4-8310-4A02-A189-33057E49C266}.Release|Any CPU.ActiveCfg = Release|Any CPU
		{240CDDF4-8310-4A02-A189-33057E49C266}.Release|Any CPU.Build.0 = Release|Any CPU
		{240CDDF4-8310-4A02-A189-33057E49C266}.Release|x64.ActiveCfg = Release|Any CPU
		{240CDDF4-8310-4A02-A189-33057E49C266}.Release|x64.Build.0 = Release|Any CPU
		{240CDDF4-8310-4A02-A189-33057E49C266}.Release|x86.ActiveCfg = Release|Any CPU
		{240CDDF4-8310-4A02-A189-33057E49C266}.Release|x86.Build.0 = Release|Any CPU
		{5B60994A-F482-49F6-BBA0-E1FEE791CF33}.Debug|Any CPU.ActiveCfg = Debug|Any CPU
		{5B60994A-F482-49F6-BBA0-E1FEE791CF33}.Debug|Any CPU.Build.0 = Debug|Any CPU
		{5B60994A-F482-49F6-BBA0-E1FEE791CF33}.Debug|x64.ActiveCfg = Debug|Any CPU
		{5B60994A-F482-49F6-BBA0-E1FEE791CF33}.Debug|x64.Build.0 = Debug|Any CPU
		{5B60994A-F482-49F6-BBA0-E1FEE791CF33}.Debug|x86.ActiveCfg = Debug|Any CPU
		{5B60994A-F482-49F6-BBA0-E1FEE791CF33}.Debug|x86.Build.0 = Debug|Any CPU
		{5B60994A-F482-49F6-BBA0-E1FEE791CF33}.Release|Any CPU.ActiveCfg = Release|Any CPU
		{5B60994A-F482-49F6-BBA0-E1FEE791CF33}.Release|Any CPU.Build.0 = Release|Any CPU
		{5B60994A-F482-49F6-BBA0-E1FEE791CF33}.Release|x64.ActiveCfg = Release|Any CPU
		{5B60994A-F482-49F6-BBA0-E1FEE791CF33}.Release|x64.Build.0 = Release|Any CPU
		{5B60994A-F482-49F6-BBA0-E1FEE791CF33}.Release|x86.ActiveCfg = Release|Any CPU
		{5B60994A-F482-49F6-BBA0-E1FEE791CF33}.Release|x86.Build.0 = Release|Any CPU
		{9E7CB7FD-FF22-4931-ACF6-C6CA34C06A7B}.Debug|Any CPU.ActiveCfg = Debug|Any CPU
		{9E7CB7FD-FF22-4931-ACF6-C6CA34C06A7B}.Debug|Any CPU.Build.0 = Debug|Any CPU
		{9E7CB7FD-FF22-4931-ACF6-C6CA34C06A7B}.Debug|x64.ActiveCfg = Debug|Any CPU
		{9E7CB7FD-FF22-4931-ACF6-C6CA34C06A7B}.Debug|x64.Build.0 = Debug|Any CPU
		{9E7CB7FD-FF22-4931-ACF6-C6CA34C06A7B}.Debug|x86.ActiveCfg = Debug|Any CPU
		{9E7CB7FD-FF22-4931-ACF6-C6CA34C06A7B}.Debug|x86.Build.0 = Debug|Any CPU
		{9E7CB7FD-FF22-4931-ACF6-C6CA34C06A7B}.Release|Any CPU.ActiveCfg = Release|Any CPU
		{9E7CB7FD-FF22-4931-ACF6-C6CA34C06A7B}.Release|Any CPU.Build.0 = Release|Any CPU
		{9E7CB7FD-FF22-4931-ACF6-C6CA34C06A7B}.Release|x64.ActiveCfg = Release|Any CPU
		{9E7CB7FD-FF22-4931-ACF6-C6CA34C06A7B}.Release|x64.Build.0 = Release|Any CPU
		{9E7CB7FD-FF22-4931-ACF6-C6CA34C06A7B}.Release|x86.ActiveCfg = Release|Any CPU
		{9E7CB7FD-FF22-4931-ACF6-C6CA34C06A7B}.Release|x86.Build.0 = Release|Any CPU
		{EA29C7E5-EDA7-46A1-AB7C-1B64306BDC5E}.Debug|Any CPU.ActiveCfg = Debug|Any CPU
		{EA29C7E5-EDA7-46A1-AB7C-1B64306BDC5E}.Debug|Any CPU.Build.0 = Debug|Any CPU
		{EA29C7E5-EDA7-46A1-AB7C-1B64306BDC5E}.Debug|x64.ActiveCfg = Debug|Any CPU
		{EA29C7E5-EDA7-46A1-AB7C-1B64306BDC5E}.Debug|x64.Build.0 = Debug|Any CPU
		{EA29C7E5-EDA7-46A1-AB7C-1B64306BDC5E}.Debug|x86.ActiveCfg = Debug|Any CPU
		{EA29C7E5-EDA7-46A1-AB7C-1B64306BDC5E}.Debug|x86.Build.0 = Debug|Any CPU
		{EA29C7E5-EDA7-46A1-AB7C-1B64306BDC5E}.Release|Any CPU.ActiveCfg = Release|Any CPU
		{EA29C7E5-EDA7-46A1-AB7C-1B64306BDC5E}.Release|Any CPU.Build.0 = Release|Any CPU
		{EA29C7E5-EDA7-46A1-AB7C-1B64306BDC5E}.Release|x64.ActiveCfg = Release|Any CPU
		{EA29C7E5-EDA7-46A1-AB7C-1B64306BDC5E}.Release|x64.Build.0 = Release|Any CPU
		{EA29C7E5-EDA7-46A1-AB7C-1B64306BDC5E}.Release|x86.ActiveCfg = Release|Any CPU
		{EA29C7E5-EDA7-46A1-AB7C-1B64306BDC5E}.Release|x86.Build.0 = Release|Any CPU
	EndGlobalSection
	GlobalSection(SolutionProperties) = preSolution
		HideSolutionNode = FALSE
	EndGlobalSection
	GlobalSection(NestedProjects) = preSolution
		{981C2CF6-E5BB-602A-511C-234B538302B0} = {827E0CD3-B72D-47B6-A68D-7590B98EB39B}
		{CB8617FA-7C91-445D-A57B-6CD566445059} = {981C2CF6-E5BB-602A-511C-234B538302B0}
		{EC447DCF-ABFA-6E24-52A5-D7FD48A5C558} = {827E0CD3-B72D-47B6-A68D-7590B98EB39B}
		{69E2DA65-565B-542B-CA9F-75BF92096F68} = {EC447DCF-ABFA-6E24-52A5-D7FD48A5C558}
		{76429F7E-34F1-40AE-BD87-EEEC17DB50E7} = {69E2DA65-565B-542B-CA9F-75BF92096F68}
		{0D487351-F1F0-4E83-B7A0-8F9A90048645} = {69E2DA65-565B-542B-CA9F-75BF92096F68}
		{866D532E-5C43-4890-9E6F-ACF1F654622B} = {69E2DA65-565B-542B-CA9F-75BF92096F68}
		{C1C515BA-7A4E-2469-6688-6EC77CD84C5C} = {6C4D298B-81FB-2B6B-5AB6-46205EDDC72C}
		{98C39F20-EB26-4170-CBBA-59FF23A7D7AC} = {C1C515BA-7A4E-2469-6688-6EC77CD84C5C}
		{4E47F2BA-5508-4A41-9749-F04EDD42FBAD} = {98C39F20-EB26-4170-CBBA-59FF23A7D7AC}
		{E6B5E8FA-1D7E-429E-8189-234DD8F0E654} = {98C39F20-EB26-4170-CBBA-59FF23A7D7AC}
		{795175D1-BA3B-4332-8341-59D6C2F824D7} = {98C39F20-EB26-4170-CBBA-59FF23A7D7AC}
		{57801A4E-B37D-4EAD-BF06-CCA0709B3A4B} = {98C39F20-EB26-4170-CBBA-59FF23A7D7AC}
		{A82DBF91-0D94-DE80-B84D-39FB5E9C624A} = {98C39F20-EB26-4170-CBBA-59FF23A7D7AC}
		{529C4985-7644-A6F3-7DA9-438031980987} = {A82DBF91-0D94-DE80-B84D-39FB5E9C624A}
		{5A96C6C3-FFF9-4ABE-A754-496EDCBD21D3} = {529C4985-7644-A6F3-7DA9-438031980987}
		{240CDDF4-8310-4A02-A189-33057E49C266} = {529C4985-7644-A6F3-7DA9-438031980987}
		{5B60994A-F482-49F6-BBA0-E1FEE791CF33} = {529C4985-7644-A6F3-7DA9-438031980987}
		{9E7CB7FD-FF22-4931-ACF6-C6CA34C06A7B} = {529C4985-7644-A6F3-7DA9-438031980987}
		{EA29C7E5-EDA7-46A1-AB7C-1B64306BDC5E} = {0AB3BF05-4346-4AA6-1389-037BE0695223}
	EndGlobalSection
EndGlobal
